
Microsoft Visual Studio Solution File, Format Version 12.00
# Visual Studio Version 16
VisualStudioVersion = 16.0.29230.47
MinimumVisualStudioVersion = 10.0.40219.1
Project("{FAE04EC0-301F-11D3-BF4B-00C04F79EFBC}") = "Unimed.Agendamentos.BLL", "src\Unimed.Agendamentos.BLL\Unimed.Agendamentos.BLL.csproj", "{19D602DA-3841-4A69-B32F-651D5AF7A5EC}"
EndProject
Project("{FAE04EC0-301F-11D3-BF4B-00C04F79EFBC}") = "Unimed.Agendamentos.DAL", "src\Unimed.Agendamentos.DAL\Unimed.Agendamentos.DAL.csproj", "{87D8C66D-754A-4F6E-B87F-841C4A07707D}"
EndProject
Project("{FAE04EC0-301F-11D3-BF4B-00C04F79EFBC}") = "Unimed.Agendamentos.UI", "src\Unimed.Agendamentos.UI\Unimed.Agendamentos.UI.csproj", "{728227A5-55DC-445D-BCDC-1113AB43FD88}"
EndProject
Global
	GlobalSection(SolutionConfigurationPlatforms) = preSolution
		Debug|Any CPU = Debug|Any CPU
		Release|Any CPU = Release|Any CPU
	EndGlobalSection
	GlobalSection(ProjectConfigurationPlatforms) = postSolution
		{19D602DA-3841-4A69-B32F-651D5AF7A5EC}.Debug|Any CPU.ActiveCfg = Debug|Any CPU
		{19D602DA-3841-4A69-B32F-651D5AF7A5EC}.Debug|Any CPU.Build.0 = Debug|Any CPU
		{19D602DA-3841-4A69-B32F-651D5AF7A5EC}.Release|Any CPU.ActiveCfg = Release|Any CPU
		{19D602DA-3841-4A69-B32F-651D5AF7A5EC}.Release|Any CPU.Build.0 = Release|Any CPU
		{87D8C66D-754A-4F6E-B87F-841C4A07707D}.Debug|Any CPU.ActiveCfg = Debug|Any CPU
		{87D8C66D-754A-4F6E-B87F-841C4A07707D}.Debug|Any CPU.Build.0 = Debug|Any CPU
		{87D8C66D-754A-4F6E-B87F-841C4A07707D}.Release|Any CPU.ActiveCfg = Release|Any CPU
		{87D8C66D-754A-4F6E-B87F-841C4A07707D}.Release|Any CPU.Build.0 = Release|Any CPU
		{728227A5-55DC-445D-BCDC-1113AB43FD88}.Debug|Any CPU.ActiveCfg = Debug|Any CPU
		{728227A5-55DC-445D-BCDC-1113AB43FD88}.Debug|Any CPU.Build.0 = Debug|Any CPU
		{728227A5-55DC-445D-BCDC-1113AB43FD88}.Release|Any CPU.ActiveCfg = Release|Any CPU
		{728227A5-55DC-445D-BCDC-1113AB43FD88}.Release|Any CPU.Build.0 = Release|Any CPU
	EndGlobalSection
	GlobalSection(SolutionProperties) = preSolution
		HideSolutionNode = FALSE
	EndGlobalSection
	GlobalSection(ExtensibilityGlobals) = postSolution
		SolutionGuid = {95D58262-28B4-42BD-87A9-315C253F762F}
	EndGlobalSection
EndGlobal
